
Microsoft Visual Studio Solution File, Format Version 12.00
# Visual Studio Version 17
VisualStudioVersion = 17.13.35828.75 d17.13
MinimumVisualStudioVersion = 10.0.40219.1
Project("{FAE04EC0-301F-11D3-BF4B-00C04F79EFBC}") = "WebApplication1", "WebApplication1\WebApplication1.csproj", "{417BB010-0F57-4174-973F-6429DD684DEC}"
EndProject
Global
	GlobalSection(SolutionConfigurationPlatforms) = preSolution
		Debug|Any CPU = Debug|Any CPU
		Release|Any CPU = Release|Any CPU
	EndGlobalSection
	GlobalSection(ProjectConfigurationPlatforms) = postSolution
		{417BB010-0F57-4174-973F-6429DD684DEC}.Debug|Any CPU.ActiveCfg = Debug|Any CPU
		{417BB010-0F57-4174-973F-6429DD684DEC}.Debug|Any CPU.Build.0 = Debug|Any CPU
		{417BB010-0F57-4174-973F-6429DD684DEC}.Release|Any CPU.ActiveCfg = Release|Any CPU
		{417BB010-0F57-4174-973F-6429DD684DEC}.Release|Any CPU.Build.0 = Release|Any CPU
	EndGlobalSection
	GlobalSection(SolutionProperties) = preSolution
		HideSolutionNode = FALSE
	EndGlobalSection
	GlobalSection(ExtensibilityGlobals) = postSolution
		SolutionGuid = {51FE474E-3691-4FE3-8E71-0BDF83E4E415}
	EndGlobalSection
EndGlobal
